PODS:
  - FLEX (2.4.0)
  - Masonry (1.1.0)
  - MSWeakTimer (1.1.0)
  - ReactiveObjC (3.0.0)

DEPENDENCIES:
  - FLEX (~> 2.0)
  - Masonry (= 1.1.0)
  - MSWeakTimer (~> 1.1.0)
  - ReactiveObjC (= 3.0.0)

SPEC REPOS:
  https://github.com/cocoapods/specs.git:
    - FLEX
    - Masonry
    - MSWeakTimer
    - ReactiveObjC

SPEC CHECKSUMS:
  FLEX: bd1a39e55b56bb413b6f1b34b3c10a0dc44ef079
  Masonry: 678fab65091a9290e40e2832a55e7ab731aad201
  MSWeakTimer: 9426150f933b80ed3acf3f6d228e4b61f0e303c8
  ReactiveObjC: ce79989e8684b9086b5f8d0c74bc7b81a8729c9e

PODFILE CHECKSUM: 8ab32be20bab2f081f15ddb962c26b7445b4821e

COCOAPODS: 1.6.0.beta.2
