PODS:
  - FLEX (2.4.0)
  - ReactiveObjC (3.0.0)

DEPENDENCIES:
  - FLEX (~> 2.0)
  - ReactiveObjC (= 3.0.0)

SPEC CHECKSUMS:
  FLEX: bd1a39e55b56bb413b6f1b34b3c10a0dc44ef079
  ReactiveObjC: ce79989e8684b9086b5f8d0c74bc7b81a8729c9e

PODFILE CHECKSUM: 12914d469a3a2e76084aaf6f933b191e85722976

COCOAPODS: 1.4.0.rc.1
